// !$*UTF8*$!
{
	archiveVersion = 1;
	classes = {
	};
	objectVersion = 55;
	objects = {

/* Begin PBXBuildFile section */
		3224122C3A26403CD2988EB6 /* Pods_FirstFirebaseLoginDemo.framework in Frameworks */ = {isa = PBXBuildFile; fileRef = 4A74A824C6012B2EF401E3AA /* Pods_FirstFirebaseLoginDemo.framework */; };
		635B8421C5581D5E10F82381 /* Pods_FirstFirebaseLoginDemo_FirstFirebaseLoginDemoUITests.framework in Frameworks */ = {isa = PBXBuildFile; fileRef = 08B64D533FF6F6FE6F344C2B /* Pods_FirstFirebaseLoginDemo_FirstFirebaseLoginDemoUITests.framework */; };
		821F8DDE37873892DBD8465A /* Pods_FirstFirebaseLoginDemoTests.framework in Frameworks */ = {isa = PBXBuildFile; fileRef = 618D0FA6452D21E33E52CA97 /* Pods_FirstFirebaseLoginDemoTests.framework */; };
		8AB7C248272F77CF00610712 /* AppDelegate.swift in Sources */ = {isa = PBXBuildFile; fileRef = 8AB7C247272F77CF00610712 /* AppDelegate.swift */; };
		8AB7C24A272F77CF00610712 /* SceneDelegate.swift in Sources */ = {isa = PBXBuildFile; fileRef = 8AB7C249272F77CF00610712 /* SceneDelegate.swift */; };
		8AB7C24C272F77CF00610712 /* ViewController.swift in Sources */ = {isa = PBXBuildFile; fileRef = 8AB7C24B272F77CF00610712 /* ViewController.swift */; };
		8AB7C24F272F77CF00610712 /* Main.storyboard in Resources */ = {isa = PBXBuildFile; fileRef = 8AB7C24D272F77CF00610712 /* Main.storyboard */; };
		8AB7C251272F77D100610712 /* Assets.xcassets in Resources */ = {isa = PBXBuildFile; fileRef = 8AB7C250272F77D100610712 /* Assets.xcassets */; };
		8AB7C254272F77D100610712 /* LaunchScreen.storyboard in Resources */ = {isa = PBXBuildFile; fileRef = 8AB7C252272F77D100610712 /* LaunchScreen.storyboard */; };
		8AB7C25F272F77D100610712 /* FirstFirebaseLoginDemoTests.swift in Sources */ = {isa = PBXBuildFile; fileRef = 8AB7C25E272F77D100610712 /* FirstFirebaseLoginDemoTests.swift */; };
		8AB7C269272F77D200610712 /* FirstFirebaseLoginDemoUITests.swift in Sources */ = {isa = PBXBuildFile; fileRef = 8AB7C268272F77D200610712 /* FirstFirebaseLoginDemoUITests.swift */; };
		8AB7C26B272F77D200610712 /* FirstFirebaseLoginDemoUITestsLaunchTests.swift in Sources */ = {isa = PBXBuildFile; fileRef = 8AB7C26A272F77D200610712 /* FirstFirebaseLoginDemoUITestsLaunchTests.swift */; };
		8AB7C278272F79E600610712 /* GoogleService-Info.plist in Resources */ = {isa = PBXBuildFile; fileRef = 8AB7C277272F79E600610712 /* GoogleService-Info.plist */; };
		8AB7C27A272F7CE700610712 /* LoginScreenStoryboard.storyboard in Resources */ = {isa = PBXBuildFile; fileRef = 8AB7C279272F7CE700610712 /* LoginScreenStoryboard.storyboard */; };
/* End PBXBuildFile section */

/* Begin PBXContainerItemProxy section */
		8AB7C25B272F77D100610712 /* PBXContainerItemProxy */ = {
			isa = PBXContainerItemProxy;
			containerPortal = 8AB7C23C272F77CF00610712 /* Project object */;
			proxyType = 1;
			remoteGlobalIDString = 8AB7C243272F77CF00610712;
			remoteInfo = FirstFirebaseLoginDemo;
		};
		8AB7C265272F77D100610712 /* PBXContainerItemProxy */ = {
			isa = PBXContainerItemProxy;
			containerPortal = 8AB7C23C272F77CF00610712 /* Project object */;
			proxyType = 1;
			remoteGlobalIDString = 8AB7C243272F77CF00610712;
			remoteInfo = FirstFirebaseLoginDemo;
		};
/* End PBXContainerItemProxy section */

/* Begin PBXFileReference section */
		08B64D533FF6F6FE6F344C2B /* Pods_FirstFirebaseLoginDemo_FirstFirebaseLoginDemoUITests.framework */ = {isa = PBXFileReference; explicitFileType = wrapper.framework; includeInIndex = 0; path = Pods_FirstFirebaseLoginDemo_FirstFirebaseLoginDemoUITests.framework; sourceTree = BUILT_PRODUCTS_DIR; };
		0A925B7D44BA9A6FEDED838E /* Pods-FirstFirebaseLoginDemoTests.debug.xcconfig */ = {isa = PBXFileReference; includeInIndex = 1; lastKnownFileType = text.xcconfig; name = "Pods-FirstFirebaseLoginDemoTests.debug.xcconfig"; path = "Target Support Files/Pods-FirstFirebaseLoginDemoTests/Pods-FirstFirebaseLoginDemoTests.debug.xcconfig"; sourceTree = "<group>"; };
		30D8F0BE91CEC24ABB409390 /* Pods-FirstFirebaseLoginDemo-FirstFirebaseLoginDemoUITests.debug.xcconfig */ = {isa = PBXFileReference; includeInIndex = 1; lastKnownFileType = text.xcconfig; name = "Pods-FirstFirebaseLoginDemo-FirstFirebaseLoginDemoUITests.debug.xcconfig"; path = "Target Support Files/Pods-FirstFirebaseLoginDemo-FirstFirebaseLoginDemoUITests/Pods-FirstFirebaseLoginDemo-FirstFirebaseLoginDemoUITests.debug.xcconfig"; sourceTree = "<group>"; };
		49661CFAA3D67C6DD1740890 /* Pods-FirstFirebaseLoginDemo-FirstFirebaseLoginDemoUITests.release.xcconfig */ = {isa = PBXFileReference; includeInIndex = 1; lastKnownFileType = text.xcconfig; name = "Pods-FirstFirebaseLoginDemo-FirstFirebaseLoginDemoUITests.release.xcconfig"; path = "Target Support Files/Pods-FirstFirebaseLoginDemo-FirstFirebaseLoginDemoUITests/Pods-FirstFirebaseLoginDemo-FirstFirebaseLoginDemoUITests.release.xcconfig"; sourceTree = "<group>"; };
		4A74A824C6012B2EF401E3AA /* Pods_FirstFirebaseLoginDemo.framework */ = {isa = PBXFileReference; explicitFileType = wrapper.framework; includeInIndex = 0; path = Pods_FirstFirebaseLoginDemo.framework; sourceTree = BUILT_PRODUCTS_DIR; };
		618D0FA6452D21E33E52CA97 /* Pods_FirstFirebaseLoginDemoTests.framework */ = {isa = PBXFileReference; explicitFileType = wrapper.framework; includeInIndex = 0; path = Pods_FirstFirebaseLoginDemoTests.framework; sourceTree = BUILT_PRODUCTS_DIR; };
		623177D037D46A930C38A904 /* Pods-FirstFirebaseLoginDemo.debug.xcconfig */ = {isa = PBXFileReference; includeInIndex = 1; lastKnownFileType = text.xcconfig; name = "Pods-FirstFirebaseLoginDemo.debug.xcconfig"; path = "Target Support Files/Pods-FirstFirebaseLoginDemo/Pods-FirstFirebaseLoginDemo.debug.xcconfig"; sourceTree = "<group>"; };
		6C5154712B83B53278FF4937 /* Pods-FirstFirebaseLoginDemoTests.release.xcconfig */ = {isa = PBXFileReference; includeInIndex = 1; lastKnownFileType = text.xcconfig; name = "Pods-FirstFirebaseLoginDemoTests.release.xcconfig"; path = "Target Support Files/Pods-FirstFirebaseLoginDemoTests/Pods-FirstFirebaseLoginDemoTests.release.xcconfig"; sourceTree = "<group>"; };
		85E685568CD5744BDD9FF708 /* Pods-FirstFirebaseLoginDemo.release.xcconfig */ = {isa = PBXFileReference; includeInIndex = 1; lastKnownFileType = text.xcconfig; name = "Pods-FirstFirebaseLoginDemo.release.xcconfig"; path = "Target Support Files/Pods-FirstFirebaseLoginDemo/Pods-FirstFirebaseLoginDemo.release.xcconfig"; sourceTree = "<group>"; };
		8AB7C244272F77CF00610712 /* FirstFirebaseLoginDemo.app */ = {isa = PBXFileReference; explicitFileType = wrapper.application; includeInIndex = 0; path = FirstFirebaseLoginDemo.app; sourceTree = BUILT_PRODUCTS_DIR; };
		8AB7C247272F77CF00610712 /* AppDelegate.swift */ = {isa = PBXFileReference; lastKnownFileType = sourcecode.swift; path = AppDelegate.swift; sourceTree = "<group>"; };
		8AB7C249272F77CF00610712 /* SceneDelegate.swift */ = {isa = PBXFileReference; lastKnownFileType = sourcecode.swift; path = SceneDelegate.swift; sourceTree = "<group>"; };
		8AB7C24B272F77CF00610712 /* ViewController.swift */ = {isa = PBXFileReference; lastKnownFileType = sourcecode.swift; path = ViewController.swift; sourceTree = "<group>"; };
		8AB7C24E272F77CF00610712 /* Base */ = {isa = PBXFileReference; lastKnownFileType = file.storyboard; name = Base; path = Base.lproj/Main.storyboard; sourceTree = "<group>"; };
		8AB7C250272F77D100610712 /* Assets.xcassets */ = {isa = PBXFileReference; lastKnownFileType = folder.assetcatalog; path = Assets.xcassets; sourceTree = "<group>"; };
		8AB7C253272F77D100610712 /* Base */ = {isa = PBXFileReference; lastKnownFileType = file.storyboard; name = Base; path = Base.lproj/LaunchScreen.storyboard; sourceTree = "<group>"; };
		8AB7C255272F77D100610712 /* Info.plist */ = {isa = PBXFileReference; lastKnownFileType = text.plist.xml; path = Info.plist; sourceTree = "<group>"; };
		8AB7C25A272F77D100610712 /* FirstFirebaseLoginDemoTests.xctest */ = {isa = PBXFileReference; explicitFileType = wrapper.cfbundle; includeInIndex = 0; path = FirstFirebaseLoginDemoTests.xctest; sourceTree = BUILT_PRODUCTS_DIR; };
		8AB7C25E272F77D100610712 /* FirstFirebaseLoginDemoTests.swift */ = {isa = PBXFileReference; lastKnownFileType = sourcecode.swift; path = FirstFirebaseLoginDemoTests.swift; sourceTree = "<group>"; };
		8AB7C264272F77D100610712 /* FirstFirebaseLoginDemoUITests.xctest */ = {isa = PBXFileReference; explicitFileType = wrapper.cfbundle; includeInIndex = 0; path = FirstFirebaseLoginDemoUITests.xctest; sourceTree = BUILT_PRODUCTS_DIR; };
		8AB7C268272F77D200610712 /* FirstFirebaseLoginDemoUITests.swift */ = {isa = PBXFileReference; lastKnownFileType = sourcecode.swift; path = FirstFirebaseLoginDemoUITests.swift; sourceTree = "<group>"; };
		8AB7C26A272F77D200610712 /* FirstFirebaseLoginDemoUITestsLaunchTests.swift */ = {isa = PBXFileReference; lastKnownFileType = sourcecode.swift; path = FirstFirebaseLoginDemoUITestsLaunchTests.swift; sourceTree = "<group>"; };
		8AB7C277272F79E600610712 /* GoogleService-Info.plist */ = {isa = PBXFileReference; fileEncoding = 4; lastKnownFileType = text.plist.xml; path = "GoogleService-Info.plist"; sourceTree = "<group>"; };
		8AB7C279272F7CE700610712 /* LoginScreenStoryboard.storyboard */ = {isa = PBXFileReference; lastKnownFileType = file.storyboard; path = LoginScreenStoryboard.storyboard; sourceTree = "<group>"; };
/* End PBXFileReference section */

/* Begin PBXFrameworksBuildPhase section */
		8AB7C241272F77CF00610712 /* Frameworks */ = {
			isa = PBXFrameworksBuildPhase;
			buildActionMask = 2147483647;
			files = (
				3224122C3A26403CD2988EB6 /* Pods_FirstFirebaseLoginDemo.framework in Frameworks */,
			);
			runOnlyForDeploymentPostprocessing = 0;
		};
		8AB7C257272F77D100610712 /* Frameworks */ = {
			isa = PBXFrameworksBuildPhase;
			buildActionMask = 2147483647;
			files = (
				821F8DDE37873892DBD8465A /* Pods_FirstFirebaseLoginDemoTests.framework in Frameworks */,
			);
			runOnlyForDeploymentPostprocessing = 0;
		};
		8AB7C261272F77D100610712 /* Frameworks */ = {
			isa = PBXFrameworksBuildPhase;
			buildActionMask = 2147483647;
			files = (
				635B8421C5581D5E10F82381 /* Pods_FirstFirebaseLoginDemo_FirstFirebaseLoginDemoUITests.framework in Frameworks */,
			);
			runOnlyForDeploymentPostprocessing = 0;
		};
/* End PBXFrameworksBuildPhase section */

/* Begin PBXGroup section */
		2F8462C2019946AE0972D7E8 /* Frameworks */ = {
			isa = PBXGroup;
			children = (
				4A74A824C6012B2EF401E3AA /* Pods_FirstFirebaseLoginDemo.framework */,
				08B64D533FF6F6FE6F344C2B /* Pods_FirstFirebaseLoginDemo_FirstFirebaseLoginDemoUITests.framework */,
				618D0FA6452D21E33E52CA97 /* Pods_FirstFirebaseLoginDemoTests.framework */,
			);
			name = Frameworks;
			sourceTree = "<group>";
		};
		8AB7C23B272F77CF00610712 = {
			isa = PBXGroup;
			children = (
				8AB7C246272F77CF00610712 /* FirstFirebaseLoginDemo */,
				8AB7C25D272F77D100610712 /* FirstFirebaseLoginDemoTests */,
				8AB7C267272F77D200610712 /* FirstFirebaseLoginDemoUITests */,
				8AB7C245272F77CF00610712 /* Products */,
				9C6A3F266D1D4A01B86BA197 /* Pods */,
				2F8462C2019946AE0972D7E8 /* Frameworks */,
			);
			sourceTree = "<group>";
		};
		8AB7C245272F77CF00610712 /* Products */ = {
			isa = PBXGroup;
			children = (
				8AB7C244272F77CF00610712 /* FirstFirebaseLoginDemo.app */,
				8AB7C25A272F77D100610712 /* FirstFirebaseLoginDemoTests.xctest */,
				8AB7C264272F77D100610712 /* FirstFirebaseLoginDemoUITests.xctest */,
			);
			name = Products;
			sourceTree = "<group>";
		};
		8AB7C246272F77CF00610712 /* FirstFirebaseLoginDemo */ = {
			isa = PBXGroup;
			children = (
				8AB7C277272F79E600610712 /* GoogleService-Info.plist */,
				8AB7C247272F77CF00610712 /* AppDelegate.swift */,
				8AB7C249272F77CF00610712 /* SceneDelegate.swift */,
				8AB7C24B272F77CF00610712 /* ViewController.swift */,
				8AB7C24D272F77CF00610712 /* Main.storyboard */,
				8AB7C279272F7CE700610712 /* LoginScreenStoryboard.storyboard */,
				8AB7C250272F77D100610712 /* Assets.xcassets */,
				8AB7C252272F77D100610712 /* LaunchScreen.storyboard */,
				8AB7C255272F77D100610712 /* Info.plist */,
			);
			path = FirstFirebaseLoginDemo;
			sourceTree = "<group>";
		};
		8AB7C25D272F77D100610712 /* FirstFirebaseLoginDemoTests */ = {
			isa = PBXGroup;
			children = (
				8AB7C25E272F77D100610712 /* FirstFirebaseLoginDemoTests.swift */,
			);
			path = FirstFirebaseLoginDemoTests;
			sourceTree = "<group>";
		};
		8AB7C267272F77D200610712 /* FirstFirebaseLoginDemoUITests */ = {
			isa = PBXGroup;
			children = (
				8AB7C268272F77D200610712 /* FirstFirebaseLoginDemoUITests.swift */,
				8AB7C26A272F77D200610712 /* FirstFirebaseLoginDemoUITestsLaunchTests.swift */,
			);
			path = FirstFirebaseLoginDemoUITests;
			sourceTree = "<group>";
		};
		9C6A3F266D1D4A01B86BA197 /* Pods */ = {
			isa = PBXGroup;
			children = (
				623177D037D46A930C38A904 /* Pods-FirstFirebaseLoginDemo.debug.xcconfig */,
				85E685568CD5744BDD9FF708 /* Pods-FirstFirebaseLoginDemo.release.xcconfig */,
				30D8F0BE91CEC24ABB409390 /* Pods-FirstFirebaseLoginDemo-FirstFirebaseLoginDemoUITests.debug.xcconfig */,
				49661CFAA3D67C6DD1740890 /* Pods-FirstFirebaseLoginDemo-FirstFirebaseLoginDemoUITests.release.xcconfig */,
				0A925B7D44BA9A6FEDED838E /* Pods-FirstFirebaseLoginDemoTests.debug.xcconfig */,
				6C5154712B83B53278FF4937 /* Pods-FirstFirebaseLoginDemoTests.release.xcconfig */,
			);
			path = Pods;
			sourceTree = "<group>";
		};
/* End PBXGroup section */

/* Begin PBXNativeTarget section */
		8AB7C243272F77CF00610712 /* FirstFirebaseLoginDemo */ = {
			isa = PBXNativeTarget;
			buildConfigurationList = 8AB7C26E272F77D200610712 /* Build configuration list for PBXNativeTarget "FirstFirebaseLoginDemo" */;
			buildPhases = (
				CDF2685B1BB8DC74DAEBFE60 /* [CP] Check Pods Manifest.lock */,
				8AB7C240272F77CF00610712 /* Sources */,
				8AB7C241272F77CF00610712 /* Frameworks */,
				8AB7C242272F77CF00610712 /* Resources */,
				8F5BBC6B7412A0E97EA973B3 /* [CP] Embed Pods Frameworks */,
			);
			buildRules = (
			);
			dependencies = (
			);
			name = FirstFirebaseLoginDemo;
			productName = FirstFirebaseLoginDemo;
			productReference = 8AB7C244272F77CF00610712 /* FirstFirebaseLoginDemo.app */;
			productType = "com.apple.product-type.application";
		};
		8AB7C259272F77D100610712 /* FirstFirebaseLoginDemoTests */ = {
			isa = PBXNativeTarget;
			buildConfigurationList = 8AB7C271272F77D200610712 /* Build configuration list for PBXNativeTarget "FirstFirebaseLoginDemoTests" */;
			buildPhases = (
				0BB2F0F252E60BDF3FDD0FED /* [CP] Check Pods Manifest.lock */,
				8AB7C256272F77D100610712 /* Sources */,
				8AB7C257272F77D100610712 /* Frameworks */,
				8AB7C258272F77D100610712 /* Resources */,
			);
			buildRules = (
			);
			dependencies = (
				8AB7C25C272F77D100610712 /* PBXTargetDependency */,
			);
			name = FirstFirebaseLoginDemoTests;
			productName = FirstFirebaseLoginDemoTests;
			productReference = 8AB7C25A272F77D100610712 /* FirstFirebaseLoginDemoTests.xctest */;
			productType = "com.apple.product-type.bundle.unit-test";
		};
		8AB7C263272F77D100610712 /* FirstFirebaseLoginDemoUITests */ = {
			isa = PBXNativeTarget;
			buildConfigurationList = 8AB7C274272F77D200610712 /* Build configuration list for PBXNativeTarget "FirstFirebaseLoginDemoUITests" */;
			buildPhases = (
				13EB034AF7B852BA42465952 /* [CP] Check Pods Manifest.lock */,
				8AB7C260272F77D100610712 /* Sources */,
				8AB7C261272F77D100610712 /* Frameworks */,
				8AB7C262272F77D100610712 /* Resources */,
				885C58AD96FBE760CE67A84B /* [CP] Embed Pods Frameworks */,
			);
			buildRules = (
			);
			dependencies = (
				8AB7C266272F77D100610712 /* PBXTargetDependency */,
			);
			name = FirstFirebaseLoginDemoUITests;
			productName = FirstFirebaseLoginDemoUITests;
			productReference = 8AB7C264272F77D100610712 /* FirstFirebaseLoginDemoUITests.xctest */;
			productType = "com.apple.product-type.bundle.ui-testing";
		};
/* End PBXNativeTarget section */

/* Begin PBXProject section */
		8AB7C23C272F77CF00610712 /* Project object */ = {
			isa = PBXProject;
			attributes = {
				BuildIndependentTargetsInParallel = 1;
				LastSwiftUpdateCheck = 1310;
				LastUpgradeCheck = 1310;
				TargetAttributes = {
					8AB7C243272F77CF00610712 = {
						CreatedOnToolsVersion = 13.1;
					};
					8AB7C259272F77D100610712 = {
						CreatedOnToolsVersion = 13.1;
						TestTargetID = 8AB7C243272F77CF00610712;
					};
					8AB7C263272F77D100610712 = {
						CreatedOnToolsVersion = 13.1;
						TestTargetID = 8AB7C243272F77CF00610712;
					};
				};
			};
			buildConfigurationList = 8AB7C23F272F77CF00610712 /* Build configuration list for PBXProject "FirstFirebaseLoginDemo" */;
			compatibilityVersion = "Xcode 13.0";
			developmentRegion = en;
			hasScannedForEncodings = 0;
			knownRegions = (
				en,
				Base,
			);
			mainGroup = 8AB7C23B272F77CF00610712;
			productRefGroup = 8AB7C245272F77CF00610712 /* Products */;
			projectDirPath = "";
			projectRoot = "";
			targets = (
				8AB7C243272F77CF00610712 /* FirstFirebaseLoginDemo */,
				8AB7C259272F77D100610712 /* FirstFirebaseLoginDemoTests */,
				8AB7C263272F77D100610712 /* FirstFirebaseLoginDemoUITests */,
			);
		};
/* End PBXProject section */

/* Begin PBXResourcesBuildPhase section */
		8AB7C242272F77CF00610712 /* Resources */ = {
			isa = PBXResourcesBuildPhase;
			buildActionMask = 2147483647;
			files = (
				8AB7C254272F77D100610712 /* LaunchScreen.storyboard in Resources */,
				8AB7C278272F79E600610712 /* GoogleService-Info.plist in Resources */,
				8AB7C251272F77D100610712 /* Assets.xcassets in Resources */,
				8AB7C27A272F7CE700610712 /* LoginScreenStoryboard.storyboard in Resources */,
				8AB7C24F272F77CF00610712 /* Main.storyboard in Resources */,
			);
			runOnlyForDeploymentPostprocessing = 0;
		};
		8AB7C258272F77D100610712 /* Resources */ = {
			isa = PBXResourcesBuildPhase;
			buildActionMask = 2147483647;
			files = (
			);
			runOnlyForDeploymentPostprocessing = 0;
		};
		8AB7C262272F77D100610712 /* Resources */ = {
			isa = PBXResourcesBuildPhase;
			buildActionMask = 2147483647;
			files = (
			);
			runOnlyForDeploymentPostprocessing = 0;
		};
/* End PBXResourcesBuildPhase section */

/* Begin PBXShellScriptBuildPhase section */
		0BB2F0F252E60BDF3FDD0FED /* [CP] Check Pods Manifest.lock */ = {
			isa = PBXShellScriptBuildPhase;
			buildActionMask = 2147483647;
			files = (
			);
			inputFileListPaths = (
			);
			inputPaths = (
				"${PODS_PODFILE_DIR_PATH}/Podfile.lock",
				"${PODS_ROOT}/Manifest.lock",
			);
			name = "[CP] Check Pods Manifest.lock";
			outputFileListPaths = (
			);
			outputPaths = (
				"$(DERIVED_FILE_DIR)/Pods-FirstFirebaseLoginDemoTests-checkManifestLockResult.txt",
			);
			runOnlyForDeploymentPostprocessing = 0;
			shellPath = /bin/sh;
			shellScript = "diff \"${PODS_PODFILE_DIR_PATH}/Podfile.lock\" \"${PODS_ROOT}/Manifest.lock\" > /dev/null\nif [ $? != 0 ] ; then\n    # print error to STDERR\n    echo \"error: The sandbox is not in sync with the Podfile.lock. Run 'pod install' or update your CocoaPods installation.\" >&2\n    exit 1\nfi\n# This output is used by Xcode 'outputs' to avoid re-running this script phase.\necho \"SUCCESS\" > \"${SCRIPT_OUTPUT_FILE_0}\"\n";
			showEnvVarsInLog = 0;
		};
		13EB034AF7B852BA42465952 /* [CP] Check Pods Manifest.lock */ = {
			isa = PBXShellScriptBuildPhase;
			buildActionMask = 2147483647;
			files = (
			);
			inputFileListPaths = (
			);
			inputPaths = (
				"${PODS_PODFILE_DIR_PATH}/Podfile.lock",
				"${PODS_ROOT}/Manifest.lock",
			);
			name = "[CP] Check Pods Manifest.lock";
			outputFileListPaths = (
			);
			outputPaths = (
				"$(DERIVED_FILE_DIR)/Pods-FirstFirebaseLoginDemo-FirstFirebaseLoginDemoUITests-checkManifestLockResult.txt",
			);
			runOnlyForDeploymentPostprocessing = 0;
			shellPath = /bin/sh;
			shellScript = "diff \"${PODS_PODFILE_DIR_PATH}/Podfile.lock\" \"${PODS_ROOT}/Manifest.lock\" > /dev/null\nif [ $? != 0 ] ; then\n    # print error to STDERR\n    echo \"error: The sandbox is not in sync with the Podfile.lock. Run 'pod install' or update your CocoaPods installation.\" >&2\n    exit 1\nfi\n# This output is used by Xcode 'outputs' to avoid re-running this script phase.\necho \"SUCCESS\" > \"${SCRIPT_OUTPUT_FILE_0}\"\n";
			showEnvVarsInLog = 0;
		};
		885C58AD96FBE760CE67A84B /* [CP] Embed Pods Frameworks */ = {
			isa = PBXShellScriptBuildPhase;
			buildActionMask = 2147483647;
			files = (
			);
			inputFileListPaths = (
				"${PODS_ROOT}/Target Support Files/Pods-FirstFirebaseLoginDemo-FirstFirebaseLoginDemoUITests/Pods-FirstFirebaseLoginDemo-FirstFirebaseLoginDemoUITests-frameworks-${CONFIGURATION}-input-files.xcfilelist",
			);
			name = "[CP] Embed Pods Frameworks";
			outputFileListPaths = (
				"${PODS_ROOT}/Target Support Files/Pods-FirstFirebaseLoginDemo-FirstFirebaseLoginDemoUITests/Pods-FirstFirebaseLoginDemo-FirstFirebaseLoginDemoUITests-frameworks-${CONFIGURATION}-output-files.xcfilelist",
			);
			runOnlyForDeploymentPostprocessing = 0;
			shellPath = /bin/sh;
			shellScript = "\"${PODS_ROOT}/Target Support Files/Pods-FirstFirebaseLoginDemo-FirstFirebaseLoginDemoUITests/Pods-FirstFirebaseLoginDemo-FirstFirebaseLoginDemoUITests-frameworks.sh\"\n";
			showEnvVarsInLog = 0;
		};
		8F5BBC6B7412A0E97EA973B3 /* [CP] Embed Pods Frameworks */ = {
			isa = PBXShellScriptBuildPhase;
			buildActionMask = 2147483647;
			files = (
			);
			inputFileListPaths = (
				"${PODS_ROOT}/Target Support Files/Pods-FirstFirebaseLoginDemo/Pods-FirstFirebaseLoginDemo-frameworks-${CONFIGURATION}-input-files.xcfilelist",
			);
			name = "[CP] Embed Pods Frameworks";
			outputFileListPaths = (
				"${PODS_ROOT}/Target Support Files/Pods-FirstFirebaseLoginDemo/Pods-FirstFirebaseLoginDemo-frameworks-${CONFIGURATION}-output-files.xcfilelist",
			);
			runOnlyForDeploymentPostprocessing = 0;
			shellPath = /bin/sh;
			shellScript = "\"${PODS_ROOT}/Target Support Files/Pods-FirstFirebaseLoginDemo/Pods-FirstFirebaseLoginDemo-frameworks.sh\"\n";
			showEnvVarsInLog = 0;
		};
		CDF2685B1BB8DC74DAEBFE60 /* [CP] Check Pods Manifest.lock */ = {
			isa = PBXShellScriptBuildPhase;
			buildActionMask = 2147483647;
			files = (
			);
			inputFileListPaths = (
			);
			inputPaths = (
				"${PODS_PODFILE_DIR_PATH}/Podfile.lock",
				"${PODS_ROOT}/Manifest.lock",
			);
			name = "[CP] Check Pods Manifest.lock";
			outputFileListPaths = (
			);
			outputPaths = (
				"$(DERIVED_FILE_DIR)/Pods-FirstFirebaseLoginDemo-checkManifestLockResult.txt",
			);
			runOnlyForDeploymentPostprocessing = 0;
			shellPath = /bin/sh;
			shellScript = "diff \"${PODS_PODFILE_DIR_PATH}/Podfile.lock\" \"${PODS_ROOT}/Manifest.lock\" > /dev/null\nif [ $? != 0 ] ; then\n    # print error to STDERR\n    echo \"error: The sandbox is not in sync with the Podfile.lock. Run 'pod install' or update your CocoaPods installation.\" >&2\n    exit 1\nfi\n# This output is used by Xcode 'outputs' to avoid re-running this script phase.\necho \"SUCCESS\" > \"${SCRIPT_OUTPUT_FILE_0}\"\n";
			showEnvVarsInLog = 0;
		};
/* End PBXShellScriptBuildPhase section */

/* Begin PBXSourcesBuildPhase section */
		8AB7C240272F77CF00610712 /* Sources */ = {
			isa = PBXSourcesBuildPhase;
			buildActionMask = 2147483647;
			files = (
				8AB7C24C272F77CF00610712 /* ViewController.swift in Sources */,
				8AB7C248272F77CF00610712 /* AppDelegate.swift in Sources */,
				8AB7C24A272F77CF00610712 /* SceneDelegate.swift in Sources */,
			);
			runOnlyForDeploymentPostprocessing = 0;
		};
		8AB7C256272F77D100610712 /* Sources */ = {
			isa = PBXSourcesBuildPhase;
			buildActionMask = 2147483647;
			files = (
				8AB7C25F272F77D100610712 /* FirstFirebaseLoginDemoTests.swift in Sources */,
			);
			runOnlyForDeploymentPostprocessing = 0;
		};
		8AB7C260272F77D100610712 /* Sources */ = {
			isa = PBXSourcesBuildPhase;
			buildActionMask = 2147483647;
			files = (
				8AB7C269272F77D200610712 /* FirstFirebaseLoginDemoUITests.swift in Sources */,
				8AB7C26B272F77D200610712 /* FirstFirebaseLoginDemoUITestsLaunchTests.swift in Sources */,
			);
			runOnlyForDeploymentPostprocessing = 0;
		};
/* End PBXSourcesBuildPhase section */

/* Begin PBXTargetDependency section */
		8AB7C25C272F77D100610712 /* PBXTargetDependency */ = {
			isa = PBXTargetDependency;
			target = 8AB7C243272F77CF00610712 /* FirstFirebaseLoginDemo */;
			targetProxy = 8AB7C25B272F77D100610712 /* PBXContainerItemProxy */;
		};
		8AB7C266272F77D100610712 /* PBXTargetDependency */ = {
			isa = PBXTargetDependency;
			target = 8AB7C243272F77CF00610712 /* FirstFirebaseLoginDemo */;
			targetProxy = 8AB7C265272F77D100610712 /* PBXContainerItemProxy */;
		};
/* End PBXTargetDependency section */

/* Begin PBXVariantGroup section */
		8AB7C24D272F77CF00610712 /* Main.storyboard */ = {
			isa = PBXVariantGroup;
			children = (
				8AB7C24E272F77CF00610712 /* Base */,
			);
			name = Main.storyboard;
			sourceTree = "<group>";
		};
		8AB7C252272F77D100610712 /* LaunchScreen.storyboard */ = {
			isa = PBXVariantGroup;
			children = (
				8AB7C253272F77D100610712 /* Base */,
			);
			name = LaunchScreen.storyboard;
			sourceTree = "<group>";
		};
/* End PBXVariantGroup section */

/* Begin XCBuildConfiguration section */
		8AB7C26C272F77D200610712 /* Debug */ = {
			isa = XCBuildConfiguration;
			buildSettings = {
				ALWAYS_SEARCH_USER_PATHS = NO;
				CLANG_ANALYZER_NONNULL = YES;
				CLANG_ANALYZER_NUMBER_OBJECT_CONVERSION = YES_AGGRESSIVE;
				CLANG_CXX_LANGUAGE_STANDARD = "gnu++17";
				CLANG_CXX_LIBRARY = "libc++";
				CLANG_ENABLE_MODULES = YES;
				CLANG_ENABLE_OBJC_ARC = YES;
				CLANG_ENABLE_OBJC_WEAK = YES;
				CLANG_WARN_BLOCK_CAPTURE_AUTORELEASING = YES;
				CLANG_WARN_BOOL_CONVERSION = YES;
				CLANG_WARN_COMMA = YES;
				CLANG_WARN_CONSTANT_CONVERSION = YES;
				CLANG_WARN_DEPRECATED_OBJC_IMPLEMENTATIONS = YES;
				CLANG_WARN_DIRECT_OBJC_ISA_USAGE = YES_ERROR;
				CLANG_WARN_DOCUMENTATION_COMMENTS = YES;
				CLANG_WARN_EMPTY_BODY = YES;
				CLANG_WARN_ENUM_CONVERSION = YES;
				CLANG_WARN_INFINITE_RECURSION = YES;
				CLANG_WARN_INT_CONVERSION = YES;
				CLANG_WARN_NON_LITERAL_NULL_CONVERSION = YES;
				CLANG_WARN_OBJC_IMPLICIT_RETAIN_SELF = YES;
				CLANG_WARN_OBJC_LITERAL_CONVERSION = YES;
				CLANG_WARN_OBJC_ROOT_CLASS = YES_ERROR;
				CLANG_WARN_QUOTED_INCLUDE_IN_FRAMEWORK_HEADER = YES;
				CLANG_WARN_RANGE_LOOP_ANALYSIS = YES;
				CLANG_WARN_STRICT_PROTOTYPES = YES;
				CLANG_WARN_SUSPICIOUS_MOVE = YES;
				CLANG_WARN_UNGUARDED_AVAILABILITY = YES_AGGRESSIVE;
				CLANG_WARN_UNREACHABLE_CODE = YES;
				CLANG_WARN__DUPLICATE_METHOD_MATCH = YES;
				COPY_PHASE_STRIP = NO;
				DEBUG_INFORMATION_FORMAT = dwarf;
				ENABLE_STRICT_OBJC_MSGSEND = YES;
				ENABLE_TESTABILITY = YES;
				GCC_C_LANGUAGE_STANDARD = gnu11;
				GCC_DYNAMIC_NO_PIC = NO;
				GCC_NO_COMMON_BLOCKS = YES;
				GCC_OPTIMIZATION_LEVEL = 0;
				GCC_PREPROCESSOR_DEFINITIONS = (
					"DEBUG=1",
					"$(inherited)",
				);
				GCC_WARN_64_TO_32_BIT_CONVERSION = YES;
				GCC_WARN_ABOUT_RETURN_TYPE = YES_ERROR;
				GCC_WARN_UNDECLARED_SELECTOR = YES;
				GCC_WARN_UNINITIALIZED_AUTOS = YES_AGGRESSIVE;
				GCC_WARN_UNUSED_FUNCTION = YES;
				GCC_WARN_UNUSED_VARIABLE = YES;
				IPHONEOS_DEPLOYMENT_TARGET = 15.0;
				MTL_ENABLE_DEBUG_INFO = INCLUDE_SOURCE;
				MTL_FAST_MATH = YES;
				ONLY_ACTIVE_ARCH = YES;
				SDKROOT = iphoneos;
				SWIFT_ACTIVE_COMPILATION_CONDITIONS = DEBUG;
				SWIFT_OPTIMIZATION_LEVEL = "-Onone";
			};
			name = Debug;
		};
		8AB7C26D272F77D200610712 /* Release */ = {
			isa = XCBuildConfiguration;
			buildSettings = {
				ALWAYS_SEARCH_USER_PATHS = NO;
				CLANG_ANALYZER_NONNULL = YES;
				CLANG_ANALYZER_NUMBER_OBJECT_CONVERSION = YES_AGGRESSIVE;
				CLANG_CXX_LANGUAGE_STANDARD = "gnu++17";
				CLANG_CXX_LIBRARY = "libc++";
				CLANG_ENABLE_MODULES = YES;
				CLANG_ENABLE_OBJC_ARC = YES;
				CLANG_ENABLE_OBJC_WEAK = YES;
				CLANG_WARN_BLOCK_CAPTURE_AUTORELEASING = YES;
				CLANG_WARN_BOOL_CONVERSION = YES;
				CLANG_WARN_COMMA = YES;
				CLANG_WARN_CONSTANT_CONVERSION = YES;
				CLANG_WARN_DEPRECATED_OBJC_IMPLEMENTATIONS = YES;
				CLANG_WARN_DIRECT_OBJC_ISA_USAGE = YES_ERROR;
				CLANG_WARN_DOCUMENTATION_COMMENTS = YES;
				CLANG_WARN_EMPTY_BODY = YES;
				CLANG_WARN_ENUM_CONVERSION = YES;
				CLANG_WARN_INFINITE_RECURSION = YES;
				CLANG_WARN_INT_CONVERSION = YES;
				CLANG_WARN_NON_LITERAL_NULL_CONVERSION = YES;
				CLANG_WARN_OBJC_IMPLICIT_RETAIN_SELF = YES;
				CLANG_WARN_OBJC_LITERAL_CONVERSION = YES;
				CLANG_WARN_OBJC_ROOT_CLASS = YES_ERROR;
				CLANG_WARN_QUOTED_INCLUDE_IN_FRAMEWORK_HEADER = YES;
				CLANG_WARN_RANGE_LOOP_ANALYSIS = YES;
				CLANG_WARN_STRICT_PROTOTYPES = YES;
				CLANG_WARN_SUSPICIOUS_MOVE = YES;
				CLANG_WARN_UNGUARDED_AVAILABILITY = YES_AGGRESSIVE;
				CLANG_WARN_UNREACHABLE_CODE = YES;
				CLANG_WARN__DUPLICATE_METHOD_MATCH = YES;
				COPY_PHASE_STRIP = NO;
				DEBUG_INFORMATION_FORMAT = "dwarf-with-dsym";
				ENABLE_NS_ASSERTIONS = NO;
				ENABLE_STRICT_OBJC_MSGSEND = YES;
				GCC_C_LANGUAGE_STANDARD = gnu11;
				GCC_NO_COMMON_BLOCKS = YES;
				GCC_WARN_64_TO_32_BIT_CONVERSION = YES;
				GCC_WARN_ABOUT_RETURN_TYPE = YES_ERROR;
				GCC_WARN_UNDECLARED_SELECTOR = YES;
				GCC_WARN_UNINITIALIZED_AUTOS = YES_AGGRESSIVE;
				GCC_WARN_UNUSED_FUNCTION = YES;
				GCC_WARN_UNUSED_VARIABLE = YES;
				IPHONEOS_DEPLOYMENT_TARGET = 15.0;
				MTL_ENABLE_DEBUG_INFO = NO;
				MTL_FAST_MATH = YES;
				SDKROOT = iphoneos;
				SWIFT_COMPILATION_MODE = wholemodule;
				SWIFT_OPTIMIZATION_LEVEL = "-O";
				VALIDATE_PRODUCT = YES;
			};
			name = Release;
		};
		8AB7C26F272F77D200610712 /* Debug */ = {
			isa = XCBuildConfiguration;
			baseConfigurationReference = 623177D037D46A930C38A904 /* Pods-FirstFirebaseLoginDemo.debug.xcconfig */;
			buildSettings = {
				ASSETCATALOG_COMPILER_APPICON_NAME = AppIcon;
				ASSETCATALOG_COMPILER_GLOBAL_ACCENT_COLOR_NAME = AccentColor;
				CODE_SIGN_STYLE = Automatic;
				CURRENT_PROJECT_VERSION = 1;
				GENERATE_INFOPLIST_FILE = YES;
				INFOPLIST_FILE = FirstFirebaseLoginDemo/Info.plist;
				INFOPLIST_KEY_UIApplicationSupportsIndirectInputEvents = YES;
				INFOPLIST_KEY_UILaunchStoryboardName = LaunchScreen;
				INFOPLIST_KEY_UIMainStoryboardFile = Main;
				INFOPLIST_KEY_UISupportedInterfaceOrientations_iPad = "UIInterfaceOrientationPortrait UIInterfaceOrientationPortraitUpsideDown UIInterfaceOrientationLandscapeLeft UIInterfaceOrientationLandscapeRight";
				INFOPLIST_KEY_UISupportedInterfaceOrientations_iPhone = "UIInterfaceOrientationPortrait UIInterfaceOrientationLandscapeLeft UIInterfaceOrientationLandscapeRight";
				LD_RUNPATH_SEARCH_PATHS = (
					"$(inherited)",
					"@executable_path/Frameworks",
				);
				MARKETING_VERSION = 1.0;
				PRODUCT_BUNDLE_IDENTIFIER = CavinStudio.FirstFirebaseLoginDemo;
				PRODUCT_NAME = "$(TARGET_NAME)";
				SWIFT_EMIT_LOC_STRINGS = YES;
				SWIFT_VERSION = 5.0;
				TARGETED_DEVICE_FAMILY = "1,2";
			};
			name = Debug;
		};
		8AB7C270272F77D200610712 /* Release */ = {
			isa = XCBuildConfiguration;
			baseConfigurationReference = 85E685568CD5744BDD9FF708 /* Pods-FirstFirebaseLoginDemo.release.xcconfig */;
			buildSettings = {
				ASSETCATALOG_COMPILER_APPICON_NAME = AppIcon;
				ASSETCATALOG_COMPILER_GLOBAL_ACCENT_COLOR_NAME = AccentColor;
				CODE_SIGN_STYLE = Automatic;
				CURRENT_PROJECT_VERSION = 1;
				GENERATE_INFOPLIST_FILE = YES;
				INFOPLIST_FILE = FirstFirebaseLoginDemo/Info.plist;
				INFOPLIST_KEY_UIApplicationSupportsIndirectInputEvents = YES;
				INFOPLIST_KEY_UILaunchStoryboardName = LaunchScreen;
				INFOPLIST_KEY_UIMainStoryboardFile = Main;
				INFOPLIST_KEY_UISupportedInterfaceOrientations_iPad = "UIInterfaceOrientationPortrait UIInterfaceOrientationPortraitUpsideDown UIInterfaceOrientationLandscapeLeft UIInterfaceOrientationLandscapeRight";
				INFOPLIST_KEY_UISupportedInterfaceOrientations_iPhone = "UIInterfaceOrientationPortrait UIInterfaceOrientationLandscapeLeft UIInterfaceOrientationLandscapeRight";
				LD_RUNPATH_SEARCH_PATHS = (
					"$(inherited)",
					"@executable_path/Frameworks",
				);
				MARKETING_VERSION = 1.0;
				PRODUCT_BUNDLE_IDENTIFIER = CavinStudio.FirstFirebaseLoginDemo;
				PRODUCT_NAME = "$(TARGET_NAME)";
				SWIFT_EMIT_LOC_STRINGS = YES;
				SWIFT_VERSION = 5.0;
				TARGETED_DEVICE_FAMILY = "1,2";
			};
			name = Release;
		};
		8AB7C272272F77D200610712 /* Debug */ = {
			isa = XCBuildConfiguration;
			baseConfigurationReference = 0A925B7D44BA9A6FEDED838E /* Pods-FirstFirebaseLoginDemoTests.debug.xcconfig */;
			buildSettings = {
				ALWAYS_EMBED_SWIFT_STANDARD_LIBRARIES = YES;
				BUNDLE_LOADER = "$(TEST_HOST)";
				CODE_SIGN_STYLE = Automatic;
				CURRENT_PROJECT_VERSION = 1;
				GENERATE_INFOPLIST_FILE = YES;
				IPHONEOS_DEPLOYMENT_TARGET = 15.0;
				LD_RUNPATH_SEARCH_PATHS = (
					"$(inherited)",
					"@executable_path/Frameworks",
					"@loader_path/Frameworks",
				);
				MARKETING_VERSION = 1.0;
				PRODUCT_BUNDLE_IDENTIFIER = CavinStudio.FirstFirebaseLoginDemoTests;
				PRODUCT_NAME = "$(TARGET_NAME)";
				SWIFT_EMIT_LOC_STRINGS = NO;
				SWIFT_VERSION = 5.0;
				TARGETED_DEVICE_FAMILY = "1,2";
				TEST_HOST = "$(BUILT_PRODUCTS_DIR)/FirstFirebaseLoginDemo.app/FirstFirebaseLoginDemo";
			};
			name = Debug;
		};
		8AB7C273272F77D200610712 /* Release */ = {
			isa = XCBuildConfiguration;
			baseConfigurationReference = 6C5154712B83B53278FF4937 /* Pods-FirstFirebaseLoginDemoTests.release.xcconfig */;
			buildSettings = {
				ALWAYS_EMBED_SWIFT_STANDARD_LIBRARIES = YES;
				BUNDLE_LOADER = "$(TEST_HOST)";
				CODE_SIGN_STYLE = Automatic;
				CURRENT_PROJECT_VERSION = 1;
				GENERATE_INFOPLIST_FILE = YES;
				IPHONEOS_DEPLOYMENT_TARGET = 15.0;
				LD_RUNPATH_SEARCH_PATHS = (
					"$(inherited)",
					"@executable_path/Frameworks",
					"@loader_path/Frameworks",
				);
				MARKETING_VERSION = 1.0;
				PRODUCT_BUNDLE_IDENTIFIER = CavinStudio.FirstFirebaseLoginDemoTests;
				PRODUCT_NAME = "$(TARGET_NAME)";
				SWIFT_EMIT_LOC_STRINGS = NO;
				SWIFT_VERSION = 5.0;
				TARGETED_DEVICE_FAMILY = "1,2";
				TEST_HOST = "$(BUILT_PRODUCTS_DIR)/FirstFirebaseLoginDemo.app/FirstFirebaseLoginDemo";
			};
			name = Release;
		};
		8AB7C275272F77D200610712 /* Debug */ = {
			isa = XCBuildConfiguration;
			baseConfigurationReference = 30D8F0BE91CEC24ABB409390 /* Pods-FirstFirebaseLoginDemo-FirstFirebaseLoginDemoUITests.debug.xcconfig */;
			buildSettings = {
				ALWAYS_EMBED_SWIFT_STANDARD_LIBRARIES = YES;
				CODE_SIGN_STYLE = Automatic;
				CURRENT_PROJECT_VERSION = 1;
				GENERATE_INFOPLIST_FILE = YES;
				LD_RUNPATH_SEARCH_PATHS = (
					"$(inherited)",
					"@executable_path/Frameworks",
					"@loader_path/Frameworks",
				);
				MARKETING_VERSION = 1.0;
				PRODUCT_BUNDLE_IDENTIFIER = CavinStudio.FirstFirebaseLoginDemoUITests;
				PRODUCT_NAME = "$(TARGET_NAME)";
				SWIFT_EMIT_LOC_STRINGS = NO;
				SWIFT_VERSION = 5.0;
				TARGETED_DEVICE_FAMILY = "1,2";
				TEST_TARGET_NAME = FirstFirebaseLoginDemo;
			};
			name = Debug;
		};
		8AB7C276272F77D200610712 /* Release */ = {
			isa = XCBuildConfiguration;
			baseConfigurationReference = 49661CFAA3D67C6DD1740890 /* Pods-FirstFirebaseLoginDemo-FirstFirebaseLoginDemoUITests.release.xcconfig */;
			buildSettings = {
				ALWAYS_EMBED_SWIFT_STANDARD_LIBRARIES = YES;
				CODE_SIGN_STYLE = Automatic;
				CURRENT_PROJECT_VERSION = 1;
				GENERATE_INFOPLIST_FILE = YES;
				LD_RUNPATH_SEARCH_PATHS = (
					"$(inherited)",
					"@executable_path/Frameworks",
					"@loader_path/Frameworks",
				);
				MARKETING_VERSION = 1.0;
				PRODUCT_BUNDLE_IDENTIFIER = CavinStudio.FirstFirebaseLoginDemoUITests;
				PRODUCT_NAME = "$(TARGET_NAME)";
				SWIFT_EMIT_LOC_STRINGS = NO;
				SWIFT_VERSION = 5.0;
				TARGETED_DEVICE_FAMILY = "1,2";
				TEST_TARGET_NAME = FirstFirebaseLoginDemo;
			};
			name = Release;
		};
/* End XCBuildConfiguration section */

/* Begin XCConfigurationList section */
		8AB7C23F272F77CF00610712 /* Build configuration list for PBXProject "FirstFirebaseLoginDemo" */ = {
			isa = XCConfigurationList;
			buildConfigurations = (
				8AB7C26C272F77D200610712 /* Debug */,
				8AB7C26D272F77D200610712 /* Release */,
			);
			defaultConfigurationIsVisible = 0;
			defaultConfigurationName = Release;
		};
		8AB7C26E272F77D200610712 /* Build configuration list for PBXNativeTarget "FirstFirebaseLoginDemo" */ = {
			isa = XCConfigurationList;
			buildConfigurations = (
				8AB7C26F272F77D200610712 /* Debug */,
				8AB7C270272F77D200610712 /* Release */,
			);
			defaultConfigurationIsVisible = 0;
			defaultConfigurationName = Release;
		};
		8AB7C271272F77D200610712 /* Build configuration list for PBXNativeTarget "FirstFirebaseLoginDemoTests" */ = {
			isa = XCConfigurationList;
			buildConfigurations = (
				8AB7C272272F77D200610712 /* Debug */,
				8AB7C273272F77D200610712 /* Release */,
			);
			defaultConfigurationIsVisible = 0;
			defaultConfigurationName = Release;
		};
		8AB7C274272F77D200610712 /* Build configuration list for PBXNativeTarget "FirstFirebaseLoginDemoUITests" */ = {
			isa = XCConfigurationList;
			buildConfigurations = (
				8AB7C275272F77D200610712 /* Debug */,
				8AB7C276272F77D200610712 /* Release */,
			);
			defaultConfigurationIsVisible = 0;
			defaultConfigurationName = Release;
		};
/* End XCConfigurationList section */
	};
	rootObject = 8AB7C23C272F77CF00610712 /* Project object */;
}
